
Microsoft Visual Studio Solution File, Format Version 12.00
# Visual Studio Version 17
VisualStudioVersion = 17.3.32929.385
MinimumVisualStudioVersion = 10.0.40219.1
Project("{FAE04EC0-301F-11D3-BF4B-00C04F79EFBC}") = "Matei_Dragos_Lab2", "Matei_Dragos_Lab2.csproj", "{9E633FE0-E39F-412E-B0A1-35F4819FBA3D}"
EndProject
Global
	GlobalSection(SolutionConfigurationPlatforms) = preSolution
		Debug|Any CPU = Debug|Any CPU
		Release|Any CPU = Release|Any CPU
	EndGlobalSection
	GlobalSection(ProjectConfigurationPlatforms) = postSolution
		{9E633FE0-E39F-412E-B0A1-35F4819FBA3D}.Debug|Any CPU.ActiveCfg = Debug|Any CPU
		{9E633FE0-E39F-412E-B0A1-35F4819FBA3D}.Debug|Any CPU.Build.0 = Debug|Any CPU
		{9E633FE0-E39F-412E-B0A1-35F4819FBA3D}.Release|Any CPU.ActiveCfg = Release|Any CPU
		{9E633FE0-E39F-412E-B0A1-35F4819FBA3D}.Release|Any CPU.Build.0 = Release|Any CPU
	EndGlobalSection
	GlobalSection(SolutionProperties) = preSolution
		HideSolutionNode = FALSE
	EndGlobalSection
	GlobalSection(ExtensibilityGlobals) = postSolution
		SolutionGuid = {EF9E4EB9-33CC-4877-8405-01C09DBB6513}
	EndGlobalSection
EndGlobal
